// !$*UTF8*$!
{
	archiveVersion = 1;
	classes = {
	};
	objectVersion = 46;
	objects = {

/* Begin PBXBuildFile section */
		0761A24B1B25B41600302B07 /* Fabric.framework in Frameworks */ = {isa = PBXBuildFile; fileRef = 0761A2491B25B41600302B07 /* Fabric.framework */; };
		0761A24C1B25B41600302B07 /* Crashlytics.framework in Frameworks */ = {isa = PBXBuildFile; fileRef = 0761A24A1B25B41600302B07 /* Crashlytics.framework */; };
		07699A251B1CF3E90094D39F /* main.m in Sources */ = {isa = PBXBuildFile; fileRef = 07699A241B1CF3E90094D39F /* main.m */; };
		07699A281B1CF3E90094D39F /* AppDelegate.m in Sources */ = {isa = PBXBuildFile; fileRef = 07699A271B1CF3E90094D39F /* AppDelegate.m */; };
		07699A301B1CF3EA0094D39F /* Images.xcassets in Resources */ = {isa = PBXBuildFile; fileRef = 07699A2F1B1CF3EA0094D39F /* Images.xcassets */; };
		07699A331B1CF3EA0094D39F /* LaunchScreen.xib in Resources */ = {isa = PBXBuildFile; fileRef = 07699A311B1CF3EA0094D39F /* LaunchScreen.xib */; };
		07699A561B1DB5930094D39F /* DRGMoney.m in Sources */ = {isa = PBXBuildFile; fileRef = 07699A551B1DB5930094D39F /* DRGMoney.m */; };
		07699A5C1B1DC14C0094D39F /* DRGMoneyTest.m in Sources */ = {isa = PBXBuildFile; fileRef = 07699A5B1B1DC14C0094D39F /* DRGMoneyTest.m */; };
		079FC17B1B25780F00CC608A /* DRGMoney.m in Sources */ = {isa = PBXBuildFile; fileRef = 07699A551B1DB5930094D39F /* DRGMoney.m */; };
		07A7A9B81B202F6300BD420F /* DRGBrokerTest.m in Sources */ = {isa = PBXBuildFile; fileRef = 07A7A9B71B202F6300BD420F /* DRGBrokerTest.m */; };
		07A7A9BB1B20310E00BD420F /* DRGBroker.m in Sources */ = {isa = PBXBuildFile; fileRef = 07A7A9BA1B20310E00BD420F /* DRGBroker.m */; };
		07A7A9BC1B20310E00BD420F /* DRGBroker.m in Sources */ = {isa = PBXBuildFile; fileRef = 07A7A9BA1B20310E00BD420F /* DRGBroker.m */; };
		07A7A9BE1B20967100BD420F /* DRGWalletTest.m in Sources */ = {isa = PBXBuildFile; fileRef = 07A7A9BD1B20967100BD420F /* DRGWalletTest.m */; };
		07A7A9C11B20994600BD420F /* DRGWallet.m in Sources */ = {isa = PBXBuildFile; fileRef = 07A7A9C01B20994600BD420F /* DRGWallet.m */; };
		07A7A9C21B20994600BD420F /* DRGWallet.m in Sources */ = {isa = PBXBuildFile; fileRef = 07A7A9C01B20994600BD420F /* DRGWallet.m */; };
		07F1A8EF1B21D35200B6FA1D /* DRGWalletTableVCTest.m in Sources */ = {isa = PBXBuildFile; fileRef = 07F1A8EE1B21D35200B6FA1D /* DRGWalletTableVCTest.m */; };
		07F1A8F51B21D6CD00B6FA1D /* DRGWalletTableVC.m in Sources */ = {isa = PBXBuildFile; fileRef = 07F1A8F41B21D6CD00B6FA1D /* DRGWalletTableVC.m */; };
		07FC60791B24B3F4008BB6D6 /* DRGMoneyVC.m in Sources */ = {isa = PBXBuildFile; fileRef = 07FC60771B24B3F4008BB6D6 /* DRGMoneyVC.m */; };
		07FC607A1B24B3F4008BB6D6 /* DRGMoneyVC.xib in Resources */ = {isa = PBXBuildFile; fileRef = 07FC60781B24B3F4008BB6D6 /* DRGMoneyVC.xib */; };
		07FC607C1B24B743008BB6D6 /* DRGMoneyVCTest.m in Sources */ = {isa = PBXBuildFile; fileRef = 07FC607B1B24B743008BB6D6 /* DRGMoneyVCTest.m */; };
		8528629E1D5E067275599222 /* libPods-MyWalletTests.a in Frameworks */ = {isa = PBXBuildFile; fileRef = 368C82FDE4AD1CF638720294 /* libPods-MyWalletTests.a */; };
/* End PBXBuildFile section */

/* Begin PBXContainerItemProxy section */
		07699A391B1CF3EA0094D39F /* PBXContainerItemProxy */ = {
			isa = PBXContainerItemProxy;
			containerPortal = 07699A171B1CF3E60094D39F /* Project object */;
			proxyType = 1;
			remoteGlobalIDString = 07699A1E1B1CF3E60094D39F;
			remoteInfo = MyWallet;
		};
/* End PBXContainerItemProxy section */

/* Begin PBXFileReference section */
		0761A2491B25B41600302B07 /* Fabric.framework */ = {isa = PBXFileReference; lastKnownFileType = wrapper.framework; path = Fabric.framework; sourceTree = "<group>"; };
		0761A24A1B25B41600302B07 /* Crashlytics.framework */ = {isa = PBXFileReference; lastKnownFileType = wrapper.framework; path = Crashlytics.framework; sourceTree = "<group>"; };
		07699A1F1B1CF3E60094D39F /* MyWallet.app */ = {isa = PBXFileReference; explicitFileType = wrapper.application; includeInIndex = 0; path = MyWallet.app; sourceTree = BUILT_PRODUCTS_DIR; };
		07699A231B1CF3E90094D39F /* Info.plist */ = {isa = PBXFileReference; lastKnownFileType = text.plist.xml; path = Info.plist; sourceTree = "<group>"; };
		07699A241B1CF3E90094D39F /* main.m */ = {isa = PBXFileReference; lastKnownFileType = sourcecode.c.objc; path = main.m; sourceTree = "<group>"; };
		07699A261B1CF3E90094D39F /* AppDelegate.h */ = {isa = PBXFileReference; lastKnownFileType = sourcecode.c.h; path = AppDelegate.h; sourceTree = "<group>"; };
		07699A271B1CF3E90094D39F /* AppDelegate.m */ = {isa = PBXFileReference; lastKnownFileType = sourcecode.c.objc; path = AppDelegate.m; sourceTree = "<group>"; };
		07699A2F1B1CF3EA0094D39F /* Images.xcassets */ = {isa = PBXFileReference; lastKnownFileType = folder.assetcatalog; path = Images.xcassets; sourceTree = "<group>"; };
		07699A321B1CF3EA0094D39F /* Base */ = {isa = PBXFileReference; lastKnownFileType = file.xib; name = Base; path = Base.lproj/LaunchScreen.xib; sourceTree = "<group>"; };
		07699A381B1CF3EA0094D39F /* MyWalletTests.xctest */ = {isa = PBXFileReference; explicitFileType = wrapper.cfbundle; includeInIndex = 0; path = MyWalletTests.xctest; sourceTree = BUILT_PRODUCTS_DIR; };
		07699A3D1B1CF3EA0094D39F /* Info.plist */ = {isa = PBXFileReference; lastKnownFileType = text.plist.xml; path = Info.plist; sourceTree = "<group>"; };
		07699A541B1DB5930094D39F /* DRGMoney.h */ = {isa = PBXFileReference; fileEncoding = 4; lastKnownFileType = sourcecode.c.h; path = DRGMoney.h; sourceTree = "<group>"; };
		07699A551B1DB5930094D39F /* DRGMoney.m */ = {isa = PBXFileReference; fileEncoding = 4; lastKnownFileType = sourcecode.c.objc; path = DRGMoney.m; sourceTree = "<group>"; };
		07699A5B1B1DC14C0094D39F /* DRGMoneyTest.m */ = {isa = PBXFileReference; fileEncoding = 4; lastKnownFileType = sourcecode.c.objc; path = DRGMoneyTest.m; sourceTree = "<group>"; };
		07A7A9B71B202F6300BD420F /* DRGBrokerTest.m */ = {isa = PBXFileReference; fileEncoding = 4; lastKnownFileType = sourcecode.c.objc; path = DRGBrokerTest.m; sourceTree = "<group>"; };
		07A7A9B91B20310E00BD420F /* DRGBroker.h */ = {isa = PBXFileReference; fileEncoding = 4; lastKnownFileType = sourcecode.c.h; path = DRGBroker.h; sourceTree = "<group>"; };
		07A7A9BA1B20310E00BD420F /* DRGBroker.m */ = {isa = PBXFileReference; fileEncoding = 4; lastKnownFileType = sourcecode.c.objc; path = DRGBroker.m; sourceTree = "<group>"; };
		07A7A9BD1B20967100BD420F /* DRGWalletTest.m */ = {isa = PBXFileReference; fileEncoding = 4; lastKnownFileType = sourcecode.c.objc; path = DRGWalletTest.m; sourceTree = "<group>"; };
		07A7A9BF1B20994600BD420F /* DRGWallet.h */ = {isa = PBXFileReference; fileEncoding = 4; lastKnownFileType = sourcecode.c.h; path = DRGWallet.h; sourceTree = "<group>"; };
		07A7A9C01B20994600BD420F /* DRGWallet.m */ = {isa = PBXFileReference; fileEncoding = 4; lastKnownFileType = sourcecode.c.objc; path = DRGWallet.m; sourceTree = "<group>"; };
		07F1A8EE1B21D35200B6FA1D /* DRGWalletTableVCTest.m */ = {isa = PBXFileReference; fileEncoding = 4; lastKnownFileType = sourcecode.c.objc; path = DRGWalletTableVCTest.m; sourceTree = "<group>"; };
		07F1A8F31B21D6CD00B6FA1D /* DRGWalletTableVC.h */ = {isa = PBXFileReference; fileEncoding = 4; lastKnownFileType = sourcecode.c.h; path = DRGWalletTableVC.h; sourceTree = "<group>"; };
		07F1A8F41B21D6CD00B6FA1D /* DRGWalletTableVC.m */ = {isa = PBXFileReference; fileEncoding = 4; lastKnownFileType = sourcecode.c.objc; path = DRGWalletTableVC.m; sourceTree = "<group>"; };
		07FC60761B24B3F4008BB6D6 /* DRGMoneyVC.h */ = {isa = PBXFileReference; fileEncoding = 4; lastKnownFileType = sourcecode.c.h; path = DRGMoneyVC.h; sourceTree = "<group>"; };
		07FC60771B24B3F4008BB6D6 /* DRGMoneyVC.m */ = {isa = PBXFileReference; fileEncoding = 4; lastKnownFileType = sourcecode.c.objc; path = DRGMoneyVC.m; sourceTree = "<group>"; };
		07FC60781B24B3F4008BB6D6 /* DRGMoneyVC.xib */ = {isa = PBXFileReference; fileEncoding = 4; lastKnownFileType = file.xib; path = DRGMoneyVC.xib; sourceTree = "<group>"; };
		07FC607B1B24B743008BB6D6 /* DRGMoneyVCTest.m */ = {isa = PBXFileReference; fileEncoding = 4; lastKnownFileType = sourcecode.c.objc; path = DRGMoneyVCTest.m; sourceTree = "<group>"; };
		07FC607D1B24E3C6008BB6D6 /* NotificationKeys.h */ = {isa = PBXFileReference; lastKnownFileType = sourcecode.c.h; path = NotificationKeys.h; sourceTree = "<group>"; };
		368C82FDE4AD1CF638720294 /* libPods-MyWalletTests.a */ = {isa = PBXFileReference; explicitFileType = archive.ar; includeInIndex = 0; path = "libPods-MyWalletTests.a"; sourceTree = BUILT_PRODUCTS_DIR; };
		75C81A19382A314E64888903 /* Pods-MyWalletTests.release.xcconfig */ = {isa = PBXFileReference; includeInIndex = 1; lastKnownFileType = text.xcconfig; name = "Pods-MyWalletTests.release.xcconfig"; path = "Pods/Target Support Files/Pods-MyWalletTests/Pods-MyWalletTests.release.xcconfig"; sourceTree = "<group>"; };
		8AE8E3F83E0E83B29416CF13 /* Pods-MyWalletTests.debug.xcconfig */ = {isa = PBXFileReference; includeInIndex = 1; lastKnownFileType = text.xcconfig; name = "Pods-MyWalletTests.debug.xcconfig"; path = "Pods/Target Support Files/Pods-MyWalletTests/Pods-MyWalletTests.debug.xcconfig"; sourceTree = "<group>"; };
/* End PBXFileReference section */

/* Begin PBXFrameworksBuildPhase section */
		07699A1C1B1CF3E60094D39F /* Frameworks */ = {
			isa = PBXFrameworksBuildPhase;
			buildActionMask = 2147483647;
			files = (
				0761A24C1B25B41600302B07 /* Crashlytics.framework in Frameworks */,
				0761A24B1B25B41600302B07 /* Fabric.framework in Frameworks */,
			);
			runOnlyForDeploymentPostprocessing = 0;
		};
		07699A351B1CF3EA0094D39F /* Frameworks */ = {
			isa = PBXFrameworksBuildPhase;
			buildActionMask = 2147483647;
			files = (
				8528629E1D5E067275599222 /* libPods-MyWalletTests.a in Frameworks */,
			);
			runOnlyForDeploymentPostprocessing = 0;
		};
/* End PBXFrameworksBuildPhase section */

/* Begin PBXGroup section */
		07699A161B1CF3E60094D39F = {
			isa = PBXGroup;
			children = (
				07699A211B1CF3E60094D39F /* MyWallet */,
				07699A3B1B1CF3EA0094D39F /* MyWalletTests */,
				07699A201B1CF3E60094D39F /* Products */,
				C3B587CD9727FABC959EBF6A /* Pods */,
				961DAE19CAF6FE0207C2077C /* Frameworks */,
			);
			sourceTree = "<group>";
		};
		07699A201B1CF3E60094D39F /* Products */ = {
			isa = PBXGroup;
			children = (
				07699A1F1B1CF3E60094D39F /* MyWallet.app */,
				07699A381B1CF3EA0094D39F /* MyWalletTests.xctest */,
			);
			name = Products;
			sourceTree = "<group>";
		};
		07699A211B1CF3E60094D39F /* MyWallet */ = {
			isa = PBXGroup;
			children = (
				07699A261B1CF3E90094D39F /* AppDelegate.h */,
				07699A271B1CF3E90094D39F /* AppDelegate.m */,
				07FC607D1B24E3C6008BB6D6 /* NotificationKeys.h */,
				07699A2F1B1CF3EA0094D39F /* Images.xcassets */,
				07699A311B1CF3EA0094D39F /* LaunchScreen.xib */,
				07699A4B1B1DA1580094D39F /* Models */,
				07F1A8EA1B2191A300B6FA1D /* Controllers */,
				07699A221B1CF3E60094D39F /* Supporting Files */,
			);
			path = MyWallet;
			sourceTree = "<group>";
		};
		07699A221B1CF3E60094D39F /* Supporting Files */ = {
			isa = PBXGroup;
			children = (
				07699A231B1CF3E90094D39F /* Info.plist */,
				07699A241B1CF3E90094D39F /* main.m */,
			);
			name = "Supporting Files";
			sourceTree = "<group>";
		};
		07699A3B1B1CF3EA0094D39F /* MyWalletTests */ = {
			isa = PBXGroup;
			children = (
				07699A481B1DA0430094D39F /* Models */,
				07F1A8EB1B2191AF00B6FA1D /* Controllers */,
				07699A3C1B1CF3EA0094D39F /* Supporting Files */,
			);
			path = MyWalletTests;
			sourceTree = "<group>";
		};
		07699A3C1B1CF3EA0094D39F /* Supporting Files */ = {
			isa = PBXGroup;
			children = (
				07699A3D1B1CF3EA0094D39F /* Info.plist */,
			);
			name = "Supporting Files";
			sourceTree = "<group>";
		};
		07699A481B1DA0430094D39F /* Models */ = {
			isa = PBXGroup;
			children = (
				07699A5B1B1DC14C0094D39F /* DRGMoneyTest.m */,
				07A7A9B71B202F6300BD420F /* DRGBrokerTest.m */,
				07A7A9BD1B20967100BD420F /* DRGWalletTest.m */,
			);
			path = Models;
			sourceTree = "<group>";
		};
		07699A4B1B1DA1580094D39F /* Models */ = {
			isa = PBXGroup;
			children = (
				07699A541B1DB5930094D39F /* DRGMoney.h */,
				07699A551B1DB5930094D39F /* DRGMoney.m */,
				07A7A9B91B20310E00BD420F /* DRGBroker.h */,
				07A7A9BA1B20310E00BD420F /* DRGBroker.m */,
				07A7A9BF1B20994600BD420F /* DRGWallet.h */,
				07A7A9C01B20994600BD420F /* DRGWallet.m */,
			);
			path = Models;
			sourceTree = "<group>";
		};
		07F1A8EA1B2191A300B6FA1D /* Controllers */ = {
			isa = PBXGroup;
			children = (
				07F1A8F31B21D6CD00B6FA1D /* DRGWalletTableVC.h */,
				07F1A8F41B21D6CD00B6FA1D /* DRGWalletTableVC.m */,
				07FC60761B24B3F4008BB6D6 /* DRGMoneyVC.h */,
				07FC60771B24B3F4008BB6D6 /* DRGMoneyVC.m */,
				07FC60781B24B3F4008BB6D6 /* DRGMoneyVC.xib */,
			);
			path = Controllers;
			sourceTree = "<group>";
		};
		07F1A8EB1B2191AF00B6FA1D /* Controllers */ = {
			isa = PBXGroup;
			children = (
				07F1A8EE1B21D35200B6FA1D /* DRGWalletTableVCTest.m */,
				07FC607B1B24B743008BB6D6 /* DRGMoneyVCTest.m */,
			);
			path = Controllers;
			sourceTree = "<group>";
		};
		961DAE19CAF6FE0207C2077C /* Frameworks */ = {
			isa = PBXGroup;
			children = (
				0761A2491B25B41600302B07 /* Fabric.framework */,
				0761A24A1B25B41600302B07 /* Crashlytics.framework */,
				368C82FDE4AD1CF638720294 /* libPods-MyWalletTests.a */,
			);
			name = Frameworks;
			sourceTree = "<group>";
		};
		C3B587CD9727FABC959EBF6A /* Pods */ = {
			isa = PBXGroup;
			children = (
				8AE8E3F83E0E83B29416CF13 /* Pods-MyWalletTests.debug.xcconfig */,
				75C81A19382A314E64888903 /* Pods-MyWalletTests.release.xcconfig */,
			);
			name = Pods;
			sourceTree = "<group>";
		};
/* End PBXGroup section */

/* Begin PBXNativeTarget section */
		07699A1E1B1CF3E60094D39F /* MyWallet */ = {
			isa = PBXNativeTarget;
			buildConfigurationList = 07699A421B1CF3EA0094D39F /* Build configuration list for PBXNativeTarget "MyWallet" */;
			buildPhases = (
				07699A1B1B1CF3E60094D39F /* Sources */,
				07699A1C1B1CF3E60094D39F /* Frameworks */,
				07699A1D1B1CF3E60094D39F /* Resources */,
				0761A2481B25B3DE00302B07 /* ShellScript */,
			);
			buildRules = (
			);
			dependencies = (
			);
			name = MyWallet;
			productName = MyWallet;
			productReference = 07699A1F1B1CF3E60094D39F /* MyWallet.app */;
			productType = "com.apple.product-type.application";
		};
		07699A371B1CF3EA0094D39F /* MyWalletTests */ = {
			isa = PBXNativeTarget;
			buildConfigurationList = 07699A451B1CF3EA0094D39F /* Build configuration list for PBXNativeTarget "MyWalletTests" */;
			buildPhases = (
				E48CB28C4E446AE0ACFC85A0 /* Check Pods Manifest.lock */,
				07699A341B1CF3EA0094D39F /* Sources */,
				07699A351B1CF3EA0094D39F /* Frameworks */,
				07699A361B1CF3EA0094D39F /* Resources */,
				5E1ED7F225B35E10B18575AA /* Copy Pods Resources */,
			);
			buildRules = (
			);
			dependencies = (
				07699A3A1B1CF3EA0094D39F /* PBXTargetDependency */,
			);
			name = MyWalletTests;
			productName = MyWalletTests;
			productReference = 07699A381B1CF3EA0094D39F /* MyWalletTests.xctest */;
			productType = "com.apple.product-type.bundle.unit-test";
		};
/* End PBXNativeTarget section */

/* Begin PBXProject section */
		07699A171B1CF3E60094D39F /* Project object */ = {
			isa = PBXProject;
			attributes = {
				LastUpgradeCheck = 0630;
				ORGANIZATIONNAME = DRG;
				TargetAttributes = {
					07699A1E1B1CF3E60094D39F = {
						CreatedOnToolsVersion = 6.3.2;
					};
					07699A371B1CF3EA0094D39F = {
						CreatedOnToolsVersion = 6.3.2;
						TestTargetID = 07699A1E1B1CF3E60094D39F;
					};
				};
			};
			buildConfigurationList = 07699A1A1B1CF3E60094D39F /* Build configuration list for PBXProject "MyWallet" */;
			compatibilityVersion = "Xcode 3.2";
			developmentRegion = English;
			hasScannedForEncodings = 0;
			knownRegions = (
				en,
				Base,
			);
			mainGroup = 07699A161B1CF3E60094D39F;
			productRefGroup = 07699A201B1CF3E60094D39F /* Products */;
			projectDirPath = "";
			projectRoot = "";
			targets = (
				07699A1E1B1CF3E60094D39F /* MyWallet */,
				07699A371B1CF3EA0094D39F /* MyWalletTests */,
			);
		};
/* End PBXProject section */

/* Begin PBXResourcesBuildPhase section */
		07699A1D1B1CF3E60094D39F /* Resources */ = {
			isa = PBXResourcesBuildPhase;
			buildActionMask = 2147483647;
			files = (
				07FC607A1B24B3F4008BB6D6 /* DRGMoneyVC.xib in Resources */,
				07699A331B1CF3EA0094D39F /* LaunchScreen.xib in Resources */,
				07699A301B1CF3EA0094D39F /* Images.xcassets in Resources */,
			);
			runOnlyForDeploymentPostprocessing = 0;
		};
		07699A361B1CF3EA0094D39F /* Resources */ = {
			isa = PBXResourcesBuildPhase;
			buildActionMask = 2147483647;
			files = (
			);
			runOnlyForDeploymentPostprocessing = 0;
		};
/* End PBXResourcesBuildPhase section */

/* Begin PBXShellScriptBuildPhase section */
		0761A2481B25B3DE00302B07 /* ShellScript */ = {
			isa = PBXShellScriptBuildPhase;
			buildActionMask = 2147483647;
			files = (
			);
			inputPaths = (
			);
			outputPaths = (
			);
			runOnlyForDeploymentPostprocessing = 0;
			shellPath = /bin/sh;
			shellScript = "./Fabric.framework/run c6c24cac6091d2f3bdeb319ddb99883e689524ee 467610b1e6447a2715f9d7d555b8dc717097060670d8af8b7fd789af1a5669b7";
		};
		5E1ED7F225B35E10B18575AA /* Copy Pods Resources */ = {
			isa = PBXShellScriptBuildPhase;
			buildActionMask = 2147483647;
			files = (
			);
			inputPaths = (
			);
			name = "Copy Pods Resources";
			outputPaths = (
			);
			runOnlyForDeploymentPostprocessing = 0;
			shellPath = /bin/sh;
			shellScript = "\"${SRCROOT}/Pods/Target Support Files/Pods-MyWalletTests/Pods-MyWalletTests-resources.sh\"\n";
			showEnvVarsInLog = 0;
		};
		E48CB28C4E446AE0ACFC85A0 /* Check Pods Manifest.lock */ = {
			isa = PBXShellScriptBuildPhase;
			buildActionMask = 2147483647;
			files = (
			);
			inputPaths = (
			);
			name = "Check Pods Manifest.lock";
			outputPaths = (
			);
			runOnlyForDeploymentPostprocessing = 0;
			shellPath = /bin/sh;
			shellScript = "diff \"${PODS_ROOT}/../Podfile.lock\" \"${PODS_ROOT}/Manifest.lock\" > /dev/null\nif [[ $? != 0 ]] ; then\n    cat << EOM\nerror: The sandbox is not in sync with the Podfile.lock. Run 'pod install' or update your CocoaPods installation.\nEOM\n    exit 1\nfi\n";
			showEnvVarsInLog = 0;
		};
/* End PBXShellScriptBuildPhase section */

/* Begin PBXSourcesBuildPhase section */
		07699A1B1B1CF3E60094D39F /* Sources */ = {
			isa = PBXSourcesBuildPhase;
			buildActionMask = 2147483647;
			files = (
				07699A561B1DB5930094D39F /* DRGMoney.m in Sources */,
				07699A281B1CF3E90094D39F /* AppDelegate.m in Sources */,
				07F1A8F51B21D6CD00B6FA1D /* DRGWalletTableVC.m in Sources */,
				07FC60791B24B3F4008BB6D6 /* DRGMoneyVC.m in Sources */,
				07A7A9C11B20994600BD420F /* DRGWallet.m in Sources */,
				07A7A9BB1B20310E00BD420F /* DRGBroker.m in Sources */,
				07699A251B1CF3E90094D39F /* main.m in Sources */,
			);
			runOnlyForDeploymentPostprocessing = 0;
		};
		07699A341B1CF3EA0094D39F /* Sources */ = {
			isa = PBXSourcesBuildPhase;
			buildActionMask = 2147483647;
			files = (
				079FC17B1B25780F00CC608A /* DRGMoney.m in Sources */,
				07F1A8EF1B21D35200B6FA1D /* DRGWalletTableVCTest.m in Sources */,
				07A7A9BE1B20967100BD420F /* DRGWalletTest.m in Sources */,
				07A7A9C21B20994600BD420F /* DRGWallet.m in Sources */,
				07A7A9B81B202F6300BD420F /* DRGBrokerTest.m in Sources */,
				07A7A9BC1B20310E00BD420F /* DRGBroker.m in Sources */,
				07699A5C1B1DC14C0094D39F /* DRGMoneyTest.m in Sources */,
				07FC607C1B24B743008BB6D6 /* DRGMoneyVCTest.m in Sources */,
			);
			runOnlyForDeploymentPostprocessing = 0;
		};
/* End PBXSourcesBuildPhase section */

/* Begin PBXTargetDependency section */
		07699A3A1B1CF3EA0094D39F /* PBXTargetDependency */ = {
			isa = PBXTargetDependency;
			target = 07699A1E1B1CF3E60094D39F /* MyWallet */;
			targetProxy = 07699A391B1CF3EA0094D39F /* PBXContainerItemProxy */;
		};
/* End PBXTargetDependency section */

/* Begin PBXVariantGroup section */
		07699A311B1CF3EA0094D39F /* LaunchScreen.xib */ = {
			isa = PBXVariantGroup;
			children = (
				07699A321B1CF3EA0094D39F /* Base */,
			);
			name = LaunchScreen.xib;
			sourceTree = "<group>";
		};
/* End PBXVariantGroup section */

/* Begin XCBuildConfiguration section */
		07699A401B1CF3EA0094D39F /* Debug */ = {
			isa = XCBuildConfiguration;
			buildSettings = {
				ALWAYS_SEARCH_USER_PATHS = NO;
				CLANG_CXX_LANGUAGE_STANDARD = "gnu++0x";
				CLANG_CXX_LIBRARY = "libc++";
				CLANG_ENABLE_MODULES = YES;
				CLANG_ENABLE_OBJC_ARC = YES;
				CLANG_WARN_BOOL_CONVERSION = YES;
				CLANG_WARN_CONSTANT_CONVERSION = YES;
				CLANG_WARN_DIRECT_OBJC_ISA_USAGE = YES_ERROR;
				CLANG_WARN_EMPTY_BODY = YES;
				CLANG_WARN_ENUM_CONVERSION = YES;
				CLANG_WARN_INT_CONVERSION = YES;
				CLANG_WARN_OBJC_ROOT_CLASS = YES_ERROR;
				CLANG_WARN_UNREACHABLE_CODE = YES;
				CLANG_WARN__DUPLICATE_METHOD_MATCH = YES;
				"CODE_SIGN_IDENTITY[sdk=iphoneos*]" = "iPhone Developer";
				COPY_PHASE_STRIP = NO;
				DEBUG_INFORMATION_FORMAT = "dwarf-with-dsym";
				ENABLE_STRICT_OBJC_MSGSEND = YES;
				GCC_C_LANGUAGE_STANDARD = gnu99;
				GCC_DYNAMIC_NO_PIC = NO;
				GCC_NO_COMMON_BLOCKS = YES;
				GCC_OPTIMIZATION_LEVEL = 0;
				GCC_PREPROCESSOR_DEFINITIONS = (
					"DEBUG=1",
					"$(inherited)",
				);
				GCC_SYMBOLS_PRIVATE_EXTERN = NO;
				GCC_WARN_64_TO_32_BIT_CONVERSION = YES;
				GCC_WARN_ABOUT_RETURN_TYPE = YES_ERROR;
				GCC_WARN_UNDECLARED_SELECTOR = YES;
				GCC_WARN_UNINITIALIZED_AUTOS = YES_AGGRESSIVE;
				GCC_WARN_UNUSED_FUNCTION = YES;
				GCC_WARN_UNUSED_VARIABLE = YES;
				IPHONEOS_DEPLOYMENT_TARGET = 8.3;
				MTL_ENABLE_DEBUG_INFO = YES;
				ONLY_ACTIVE_ARCH = YES;
				SDKROOT = iphoneos;
			};
			name = Debug;
		};
		07699A411B1CF3EA0094D39F /* Release */ = {
			isa = XCBuildConfiguration;
			buildSettings = {
				ALWAYS_SEARCH_USER_PATHS = NO;
				CLANG_CXX_LANGUAGE_STANDARD = "gnu++0x";
				CLANG_CXX_LIBRARY = "libc++";
				CLANG_ENABLE_MODULES = YES;
				CLANG_ENABLE_OBJC_ARC = YES;
				CLANG_WARN_BOOL_CONVERSION = YES;
				CLANG_WARN_CONSTANT_CONVERSION = YES;
				CLANG_WARN_DIRECT_OBJC_ISA_USAGE = YES_ERROR;
				CLANG_WARN_EMPTY_BODY = YES;
				CLANG_WARN_ENUM_CONVERSION = YES;
				CLANG_WARN_INT_CONVERSION = YES;
				CLANG_WARN_OBJC_ROOT_CLASS = YES_ERROR;
				CLANG_WARN_UNREACHABLE_CODE = YES;
				CLANG_WARN__DUPLICATE_METHOD_MATCH = YES;
				"CODE_SIGN_IDENTITY[sdk=iphoneos*]" = "iPhone Developer";
				COPY_PHASE_STRIP = NO;
				DEBUG_INFORMATION_FORMAT = "dwarf-with-dsym";
				ENABLE_NS_ASSERTIONS = NO;
				ENABLE_STRICT_OBJC_MSGSEND = YES;
				GCC_C_LANGUAGE_STANDARD = gnu99;
				GCC_NO_COMMON_BLOCKS = YES;
				GCC_WARN_64_TO_32_BIT_CONVERSION = YES;
				GCC_WARN_ABOUT_RETURN_TYPE = YES_ERROR;
				GCC_WARN_UNDECLARED_SELECTOR = YES;
				GCC_WARN_UNINITIALIZED_AUTOS = YES_AGGRESSIVE;
				GCC_WARN_UNUSED_FUNCTION = YES;
				GCC_WARN_UNUSED_VARIABLE = YES;
				IPHONEOS_DEPLOYMENT_TARGET = 8.3;
				MTL_ENABLE_DEBUG_INFO = NO;
				SDKROOT = iphoneos;
				VALIDATE_PRODUCT = YES;
			};
			name = Release;
		};
		07699A431B1CF3EA0094D39F /* Debug */ = {
			isa = XCBuildConfiguration;
			buildSettings = {
				ASSETCATALOG_COMPILER_APPICON_NAME = AppIcon;
				FRAMEWORK_SEARCH_PATHS = (
					"$(inherited)",
					"$(PROJECT_DIR)",
				);
				INFOPLIST_FILE = MyWallet/Info.plist;
				LD_RUNPATH_SEARCH_PATHS = "$(inherited) @executable_path/Frameworks";
				PRODUCT_NAME = "$(TARGET_NAME)";
			};
			name = Debug;
		};
		07699A441B1CF3EA0094D39F /* Release */ = {
			isa = XCBuildConfiguration;
			buildSettings = {
				ASSETCATALOG_COMPILER_APPICON_NAME = AppIcon;
				FRAMEWORK_SEARCH_PATHS = (
					"$(inherited)",
					"$(PROJECT_DIR)",
				);
				INFOPLIST_FILE = MyWallet/Info.plist;
				LD_RUNPATH_SEARCH_PATHS = "$(inherited) @executable_path/Frameworks";
				PRODUCT_NAME = "$(TARGET_NAME)";
			};
			name = Release;
		};
		07699A461B1CF3EA0094D39F /* Debug */ = {
			isa = XCBuildConfiguration;
			baseConfigurationReference = 8AE8E3F83E0E83B29416CF13 /* Pods-MyWalletTests.debug.xcconfig */;
			buildSettings = {
				BUNDLE_LOADER = "$(TEST_HOST)";
				FRAMEWORK_SEARCH_PATHS = (
					"$(SDKROOT)/Developer/Library/Frameworks",
					"$(inherited)",
				);
				GCC_PREPROCESSOR_DEFINITIONS = (
					"DEBUG=1",
					"$(inherited)",
				);
				INFOPLIST_FILE = MyWalletTests/Info.plist;
				LD_RUNPATH_SEARCH_PATHS = "$(inherited) @executable_path/Frameworks @loader_path/Frameworks";
				PRODUCT_NAME = "$(TARGET_NAME)";
				TEST_HOST = "$(BUILT_PRODUCTS_DIR)/MyWallet.app/MyWallet";
			};
			name = Debug;
		};
		07699A471B1CF3EA0094D39F /* Release */ = {
			isa = XCBuildConfiguration;
			baseConfigurationReference = 75C81A19382A314E64888903 /* Pods-MyWalletTests.release.xcconfig */;
			buildSettings = {
				BUNDLE_LOADER = "$(TEST_HOST)";
				FRAMEWORK_SEARCH_PATHS = (
					"$(SDKROOT)/Developer/Library/Frameworks",
					"$(inherited)",
				);
				INFOPLIST_FILE = MyWalletTests/Info.plist;
				LD_RUNPATH_SEARCH_PATHS = "$(inherited) @executable_path/Frameworks @loader_path/Frameworks";
				PRODUCT_NAME = "$(TARGET_NAME)";
				TEST_HOST = "$(BUILT_PRODUCTS_DIR)/MyWallet.app/MyWallet";
			};
			name = Release;
		};
/* End XCBuildConfiguration section */

/* Begin XCConfigurationList section */
		07699A1A1B1CF3E60094D39F /* Build configuration list for PBXProject "MyWallet" */ = {
			isa = XCConfigurationList;
			buildConfigurations = (
				07699A401B1CF3EA0094D39F /* Debug */,
				07699A411B1CF3EA0094D39F /* Release */,
			);
			defaultConfigurationIsVisible = 0;
			defaultConfigurationName = Release;
		};
		07699A421B1CF3EA0094D39F /* Build configuration list for PBXNativeTarget "MyWallet" */ = {
			isa = XCConfigurationList;
			buildConfigurations = (
				07699A431B1CF3EA0094D39F /* Debug */,
				07699A441B1CF3EA0094D39F /* Release */,
			);
			defaultConfigurationIsVisible = 0;
			defaultConfigurationName = Release;
		};
		07699A451B1CF3EA0094D39F /* Build configuration list for PBXNativeTarget "MyWalletTests" */ = {
			isa = XCConfigurationList;
			buildConfigurations = (
				07699A461B1CF3EA0094D39F /* Debug */,
				07699A471B1CF3EA0094D39F /* Release */,
			);
			defaultConfigurationIsVisible = 0;
			defaultConfigurationName = Release;
		};
/* End XCConfigurationList section */
	};
	rootObject = 07699A171B1CF3E60094D39F /* Project object */;
}
